
Microsoft Visual Studio Solution File, Format Version 12.00
# Visual Studio Version 16
VisualStudioVersion = 16.0.29519.181
MinimumVisualStudioVersion = 10.0.40219.1
Project("{FAE04EC0-301F-11D3-BF4B-00C04F79EFBC}") = "it_academy_practice", "it_academy_practice\it_academy_practice.csproj", "{5B05B49A-AAB9-4682-B080-2D1E753A0BCC}"
EndProject
Global
	GlobalSection(SolutionConfigurationPlatforms) = preSolution
		Debug|Any CPU = Debug|Any CPU
		Release|Any CPU = Release|Any CPU
	EndGlobalSection
	GlobalSection(ProjectConfigurationPlatforms) = postSolution
		{5B05B49A-AAB9-4682-B080-2D1E753A0BCC}.Debug|Any CPU.ActiveCfg = Debug|Any CPU
		{5B05B49A-AAB9-4682-B080-2D1E753A0BCC}.Debug|Any CPU.Build.0 = Debug|Any CPU
		{5B05B49A-AAB9-4682-B080-2D1E753A0BCC}.Release|Any CPU.ActiveCfg = Release|Any CPU
		{5B05B49A-AAB9-4682-B080-2D1E753A0BCC}.Release|Any CPU.Build.0 = Release|Any CPU
	EndGlobalSection
	GlobalSection(SolutionProperties) = preSolution
		HideSolutionNode = FALSE
	EndGlobalSection
	GlobalSection(ExtensibilityGlobals) = postSolution
		SolutionGuid = {E5FAE602-72F7-4473-8944-F0A5935A4BF1}
	EndGlobalSection
EndGlobal
